{
  "name": "template-typescript",
  "version": "0.0.0",
  "lockfileVersion": 1,
  "requires": true,
  "dependencies": {
    "prettier": {
      "version": "2.1.1",
      "resolved": "https://registry.npmjs.org/prettier/-/prettier-2.1.1.tgz",
      "integrity": "sha512-9bY+5ZWCfqj3ghYBLxApy2zf6m+NJo5GzmLTpr9FsApsfjriNnS2dahWReHMi7qNPhhHl9SYHJs2cHZLgexNIw==",
      "dev": true
    },
    "typescript": {
      "version": "4.1.0-dev.20200917",
      "resolved": "https://registry.npmjs.org/typescript/-/typescript-4.1.0-dev.20200917.tgz",
      "integrity": "sha512-JFC1mpfYnDVeNE3VcV+Vjb7lu0+UVCV9Dif2sVJnHMD11HGfP+zvwfDzjpk/sks2d0CQfWs4j39+fn0NJAOBtw==",
      "dev": true
    }
  }
}
