{
  "name": "template-typescript",
  "version": "0.0.0",
  "lockfileVersion": 1,
  "requires": true,
  "dependencies": {
    "prettier": {
      "version": "2.1.1",
      "resolved": "https://registry.npmjs.org/prettier/-/prettier-2.1.1.tgz",
      "integrity": "sha512-9bY+5ZWCfqj3ghYBLxApy2zf6m+NJo5GzmLTpr9FsApsfjriNnS2dahWReHMi7qNPhhHl9SYHJs2cHZLgexNIw==",
      "dev": true
    },
    "typescript": {
      "version": "4.1.0-dev.20200914",
      "resolved": "https://registry.npmjs.org/typescript/-/typescript-4.1.0-dev.20200914.tgz",
      "integrity": "sha512-5c1/8ZH8/SkPKJPZMjNUp6kroEDQ/2STHsAbkGT050q9mjgBroDee0awp41MsPQbwSKoTLbX7cwxk3WcZxXteg==",
      "dev": true
    }
  }
}
