{
  "name": "template-typescript",
  "version": "0.0.0",
  "lockfileVersion": 1,
  "requires": true,
  "dependencies": {
    "prettier": {
      "version": "2.1.1",
      "resolved": "https://registry.npmjs.org/prettier/-/prettier-2.1.1.tgz",
      "integrity": "sha512-9bY+5ZWCfqj3ghYBLxApy2zf6m+NJo5GzmLTpr9FsApsfjriNnS2dahWReHMi7qNPhhHl9SYHJs2cHZLgexNIw==",
      "dev": true
    },
    "typescript": {
      "version": "4.1.0-dev.20201022",
      "resolved": "https://registry.npmjs.org/typescript/-/typescript-4.1.0-dev.20201022.tgz",
      "integrity": "sha512-jLWGGSsgH/Mr4BhWMoZNbajQl1szMXWTMC3KTJfmKH6BxxKKd5q1xaYuvYhEIQaucd7TBDHVAcN7E/Cd3wmHaA==",
      "dev": true
    }
  }
}
